// !$*UTF8*$!
{
	archiveVersion = 1;
	classes = {
	};
	objectVersion = 56;
	objects = {

/* Begin PBXBuildFile section */
		7A54D1932CB945A900F6209F /* CurrencyPickerView.swift in Sources */ = {isa = PBXBuildFile; fileRef = 7A54D1922CB945A900F6209F /* CurrencyPickerView.swift */; };
		7A59E2932CB8512100C2E253 /* MainTabView.swift in Sources */ = {isa = PBXBuildFile; fileRef = 7A59E2922CB8512100C2E253 /* MainTabView.swift */; };
		7A59E2952CB8546D00C2E253 /* CurrencyAPI.swift in Sources */ = {isa = PBXBuildFile; fileRef = 7A59E2942CB8546D00C2E253 /* CurrencyAPI.swift */; };
		7A59E2982CB8E8A600C2E253 /* SocketIO in Frameworks */ = {isa = PBXBuildFile; productRef = 7A59E2972CB8E8A600C2E253 /* SocketIO */; };
		7A59E29A2CB8E8B500C2E253 /* WebSocketManager.swift in Sources */ = {isa = PBXBuildFile; fileRef = 7A59E2992CB8E8B500C2E253 /* WebSocketManager.swift */; };
		7A59E29E2CB91B6400C2E253 /* QuoteCacheManager.swift in Sources */ = {isa = PBXBuildFile; fileRef = 7A59E29D2CB91B6400C2E253 /* QuoteCacheManager.swift */; };
		7A59E2A12CB91F0F00C2E253 /* CurrencyAPIError.swift in Sources */ = {isa = PBXBuildFile; fileRef = 7A59E2A02CB91F0F00C2E253 /* CurrencyAPIError.swift */; };
		7A59E2A52CB92C3700C2E253 /* Date+Ext.swift in Sources */ = {isa = PBXBuildFile; fileRef = 7A59E2A42CB92C3700C2E253 /* Date+Ext.swift */; };
		7AC3EE842CB976FC003BCB0F /* Alamofire in Frameworks */ = {isa = PBXBuildFile; productRef = 7AC3EE832CB976FC003BCB0F /* Alamofire */; };
		7AD263F22CB825DD001BBE0F /* QuoteXChangeApp.swift in Sources */ = {isa = PBXBuildFile; fileRef = 7AD263F12CB825DD001BBE0F /* QuoteXChangeApp.swift */; };
		7AD263F62CB825DE001BBE0F /* Assets.xcassets in Resources */ = {isa = PBXBuildFile; fileRef = 7AD263F52CB825DE001BBE0F /* Assets.xcassets */; };
		7AD263F92CB825DE001BBE0F /* Preview Assets.xcassets in Resources */ = {isa = PBXBuildFile; fileRef = 7AD263F82CB825DE001BBE0F /* Preview Assets.xcassets */; };
		7AD264072CB826BE001BBE0F /* QuotesConverterView.swift in Sources */ = {isa = PBXBuildFile; fileRef = 7AD264062CB826BE001BBE0F /* QuotesConverterView.swift */; };
		7AD2640A2CB826D4001BBE0F /* OnlineQuotesView.swift in Sources */ = {isa = PBXBuildFile; fileRef = 7AD264092CB826D4001BBE0F /* OnlineQuotesView.swift */; };
		7AD264122CB829AF001BBE0F /* OnlineQuotesViewModel.swift in Sources */ = {isa = PBXBuildFile; fileRef = 7AD264112CB829AF001BBE0F /* OnlineQuotesViewModel.swift */; };
		7AD264142CB829D5001BBE0F /* QuotesConverterViewModel.swift in Sources */ = {isa = PBXBuildFile; fileRef = 7AD264132CB829D5001BBE0F /* QuotesConverterViewModel.swift */; };
		7AD264182CB83B6A001BBE0F /* Currency.swift in Sources */ = {isa = PBXBuildFile; fileRef = 7AD264172CB83B6A001BBE0F /* Currency.swift */; };
		7AD2641A2CB83B73001BBE0F /* CurrencyRate.swift in Sources */ = {isa = PBXBuildFile; fileRef = 7AD264192CB83B73001BBE0F /* CurrencyRate.swift */; };
		7AD2641C2CB83B7B001BBE0F /* Quote.swift in Sources */ = {isa = PBXBuildFile; fileRef = 7AD2641B2CB83B7B001BBE0F /* Quote.swift */; };
/* End PBXBuildFile section */

/* Begin PBXFileReference section */
		7A54D1922CB945A900F6209F /* CurrencyPickerView.swift */ = {isa = PBXFileReference; lastKnownFileType = sourcecode.swift; path = CurrencyPickerView.swift; sourceTree = "<group>"; };
		7A59E2922CB8512100C2E253 /* MainTabView.swift */ = {isa = PBXFileReference; lastKnownFileType = sourcecode.swift; path = MainTabView.swift; sourceTree = "<group>"; };
		7A59E2942CB8546D00C2E253 /* CurrencyAPI.swift */ = {isa = PBXFileReference; lastKnownFileType = sourcecode.swift; path = CurrencyAPI.swift; sourceTree = "<group>"; };
		7A59E2992CB8E8B500C2E253 /* WebSocketManager.swift */ = {isa = PBXFileReference; lastKnownFileType = sourcecode.swift; path = WebSocketManager.swift; sourceTree = "<group>"; };
		7A59E29D2CB91B6400C2E253 /* QuoteCacheManager.swift */ = {isa = PBXFileReference; lastKnownFileType = sourcecode.swift; path = QuoteCacheManager.swift; sourceTree = "<group>"; };
		7A59E2A02CB91F0F00C2E253 /* CurrencyAPIError.swift */ = {isa = PBXFileReference; lastKnownFileType = sourcecode.swift; path = CurrencyAPIError.swift; sourceTree = "<group>"; };
		7A59E2A42CB92C3700C2E253 /* Date+Ext.swift */ = {isa = PBXFileReference; lastKnownFileType = sourcecode.swift; path = "Date+Ext.swift"; sourceTree = "<group>"; };
		7AD263EE2CB825DD001BBE0F /* QuoteXChange.app */ = {isa = PBXFileReference; explicitFileType = wrapper.application; includeInIndex = 0; path = QuoteXChange.app; sourceTree = BUILT_PRODUCTS_DIR; };
		7AD263F12CB825DD001BBE0F /* QuoteXChangeApp.swift */ = {isa = PBXFileReference; lastKnownFileType = sourcecode.swift; path = QuoteXChangeApp.swift; sourceTree = "<group>"; };
		7AD263F52CB825DE001BBE0F /* Assets.xcassets */ = {isa = PBXFileReference; lastKnownFileType = folder.assetcatalog; path = Assets.xcassets; sourceTree = "<group>"; };
		7AD263F82CB825DE001BBE0F /* Preview Assets.xcassets */ = {isa = PBXFileReference; lastKnownFileType = folder.assetcatalog; path = "Preview Assets.xcassets"; sourceTree = "<group>"; };
		7AD264062CB826BE001BBE0F /* QuotesConverterView.swift */ = {isa = PBXFileReference; lastKnownFileType = sourcecode.swift; path = QuotesConverterView.swift; sourceTree = "<group>"; };
		7AD264092CB826D4001BBE0F /* OnlineQuotesView.swift */ = {isa = PBXFileReference; lastKnownFileType = sourcecode.swift; path = OnlineQuotesView.swift; sourceTree = "<group>"; };
		7AD264112CB829AF001BBE0F /* OnlineQuotesViewModel.swift */ = {isa = PBXFileReference; lastKnownFileType = sourcecode.swift; path = OnlineQuotesViewModel.swift; sourceTree = "<group>"; };
		7AD264132CB829D5001BBE0F /* QuotesConverterViewModel.swift */ = {isa = PBXFileReference; lastKnownFileType = sourcecode.swift; path = QuotesConverterViewModel.swift; sourceTree = "<group>"; };
		7AD264172CB83B6A001BBE0F /* Currency.swift */ = {isa = PBXFileReference; lastKnownFileType = sourcecode.swift; path = Currency.swift; sourceTree = "<group>"; };
		7AD264192CB83B73001BBE0F /* CurrencyRate.swift */ = {isa = PBXFileReference; lastKnownFileType = sourcecode.swift; path = CurrencyRate.swift; sourceTree = "<group>"; };
		7AD2641B2CB83B7B001BBE0F /* Quote.swift */ = {isa = PBXFileReference; lastKnownFileType = sourcecode.swift; path = Quote.swift; sourceTree = "<group>"; };
		7AD264212CB84BB8001BBE0F /* SwiftUI.framework */ = {isa = PBXFileReference; lastKnownFileType = wrapper.framework; name = SwiftUI.framework; path = System/Library/Frameworks/SwiftUI.framework; sourceTree = SDKROOT; };
		7AD264232CB84BCC001BBE0F /* UIKit.framework */ = {isa = PBXFileReference; lastKnownFileType = wrapper.framework; name = UIKit.framework; path = System/Library/Frameworks/UIKit.framework; sourceTree = SDKROOT; };
		7AD264252CB84BD2001BBE0F /* Combine.framework */ = {isa = PBXFileReference; lastKnownFileType = wrapper.framework; name = Combine.framework; path = System/Library/Frameworks/Combine.framework; sourceTree = SDKROOT; };
/* End PBXFileReference section */

/* Begin PBXFrameworksBuildPhase section */
		7AD263EB2CB825DD001BBE0F /* Frameworks */ = {
			isa = PBXFrameworksBuildPhase;
			buildActionMask = 2147483647;
			files = (
				7A59E2982CB8E8A600C2E253 /* SocketIO in Frameworks */,
				7AC3EE842CB976FC003BCB0F /* Alamofire in Frameworks */,
			);
			runOnlyForDeploymentPostprocessing = 0;
		};
/* End PBXFrameworksBuildPhase section */

/* Begin PBXGroup section */
		7A59E29B2CB91B3100C2E253 /* Services */ = {
			isa = PBXGroup;
			children = (
				7AD264032CB8266B001BBE0F /* Network */,
				7A59E29F2CB91F0400C2E253 /* Errors    */,
				7A59E29C2CB91B5400C2E253 /* Caching */,
			);
			path = Services;
			sourceTree = "<group>";
		};
		7A59E29C2CB91B5400C2E253 /* Caching */ = {
			isa = PBXGroup;
			children = (
				7A59E29D2CB91B6400C2E253 /* QuoteCacheManager.swift */,
			);
			path = Caching;
			sourceTree = "<group>";
		};
		7A59E29F2CB91F0400C2E253 /* Errors    */ = {
			isa = PBXGroup;
			children = (
				7A59E2A02CB91F0F00C2E253 /* CurrencyAPIError.swift */,
			);
			path = "Errors   ";
			sourceTree = "<group>";
		};
		7AD263E52CB825DD001BBE0F = {
			isa = PBXGroup;
			children = (
				7AD263F02CB825DD001BBE0F /* QuoteXChange */,
				7AD263EF2CB825DD001BBE0F /* Products */,
				7AD264202CB84BB8001BBE0F /* Frameworks */,
			);
			sourceTree = "<group>";
		};
		7AD263EF2CB825DD001BBE0F /* Products */ = {
			isa = PBXGroup;
			children = (
				7AD263EE2CB825DD001BBE0F /* QuoteXChange.app */,
			);
			name = Products;
			sourceTree = "<group>";
		};
		7AD263F02CB825DD001BBE0F /* QuoteXChange */ = {
			isa = PBXGroup;
			children = (
				7AD263FF2CB8264E001BBE0F /* Models */,
				7AD264002CB82652001BBE0F /* Views */,
				7AD264012CB8265C001BBE0F /* ViewModels */,
				7A59E29B2CB91B3100C2E253 /* Services */,
				7AD264022CB82664001BBE0F /* TabBar */,
				7AD264042CB82672001BBE0F /* Utilities */,
				7AD2641D2CB84282001BBE0F /* App */,
				7AD263F72CB825DE001BBE0F /* Preview Content */,
			);
			path = QuoteXChange;
			sourceTree = "<group>";
		};
		7AD263F72CB825DE001BBE0F /* Preview Content */ = {
			isa = PBXGroup;
			children = (
				7AD263F82CB825DE001BBE0F /* Preview Assets.xcassets */,
			);
			path = "Preview Content";
			sourceTree = "<group>";
		};
		7AD263FF2CB8264E001BBE0F /* Models */ = {
			isa = PBXGroup;
			children = (
				7AD264172CB83B6A001BBE0F /* Currency.swift */,
				7AD264192CB83B73001BBE0F /* CurrencyRate.swift */,
				7AD2641B2CB83B7B001BBE0F /* Quote.swift */,
			);
			path = Models;
			sourceTree = "<group>";
		};
		7AD264002CB82652001BBE0F /* Views */ = {
			isa = PBXGroup;
			children = (
				7AD264052CB826B5001BBE0F /* QuotesConverter */,
				7AD264082CB826C8001BBE0F /* OnlineQuotes */,
			);
			path = Views;
			sourceTree = "<group>";
		};
		7AD264012CB8265C001BBE0F /* ViewModels */ = {
			isa = PBXGroup;
			children = (
				7AD264132CB829D5001BBE0F /* QuotesConverterViewModel.swift */,
				7AD264112CB829AF001BBE0F /* OnlineQuotesViewModel.swift */,
			);
			path = ViewModels;
			sourceTree = "<group>";
		};
		7AD264022CB82664001BBE0F /* TabBar */ = {
			isa = PBXGroup;
			children = (
				7A59E2922CB8512100C2E253 /* MainTabView.swift */,
			);
			path = TabBar;
			sourceTree = "<group>";
		};
		7AD264032CB8266B001BBE0F /* Network */ = {
			isa = PBXGroup;
			children = (
				7A59E2942CB8546D00C2E253 /* CurrencyAPI.swift */,
				7A59E2992CB8E8B500C2E253 /* WebSocketManager.swift */,
			);
			path = Network;
			sourceTree = "<group>";
		};
		7AD264042CB82672001BBE0F /* Utilities */ = {
			isa = PBXGroup;
			children = (
				7AD263F52CB825DE001BBE0F /* Assets.xcassets */,
				7A59E2A42CB92C3700C2E253 /* Date+Ext.swift */,
				7A54D1922CB945A900F6209F /* CurrencyPickerView.swift */,
			);
			path = Utilities;
			sourceTree = "<group>";
		};
		7AD264052CB826B5001BBE0F /* QuotesConverter */ = {
			isa = PBXGroup;
			children = (
				7AD264062CB826BE001BBE0F /* QuotesConverterView.swift */,
			);
			path = QuotesConverter;
			sourceTree = "<group>";
		};
		7AD264082CB826C8001BBE0F /* OnlineQuotes */ = {
			isa = PBXGroup;
			children = (
				7AD264092CB826D4001BBE0F /* OnlineQuotesView.swift */,
			);
			path = OnlineQuotes;
			sourceTree = "<group>";
		};
		7AD2641D2CB84282001BBE0F /* App */ = {
			isa = PBXGroup;
			children = (
				7AD263F12CB825DD001BBE0F /* QuoteXChangeApp.swift */,
			);
			path = App;
			sourceTree = "<group>";
		};
		7AD264202CB84BB8001BBE0F /* Frameworks */ = {
			isa = PBXGroup;
			children = (
				7AD264252CB84BD2001BBE0F /* Combine.framework */,
				7AD264232CB84BCC001BBE0F /* UIKit.framework */,
				7AD264212CB84BB8001BBE0F /* SwiftUI.framework */,
			);
			name = Frameworks;
			sourceTree = "<group>";
		};
/* End PBXGroup section */

/* Begin PBXNativeTarget section */
		7AD263ED2CB825DD001BBE0F /* QuoteXChange */ = {
			isa = PBXNativeTarget;
			buildConfigurationList = 7AD263FC2CB825DE001BBE0F /* Build configuration list for PBXNativeTarget "QuoteXChange" */;
			buildPhases = (
				7AD263EA2CB825DD001BBE0F /* Sources */,
				7AD263EB2CB825DD001BBE0F /* Frameworks */,
				7AD263EC2CB825DD001BBE0F /* Resources */,
			);
			buildRules = (
			);
			dependencies = (
			);
			name = QuoteXChange;
			packageProductDependencies = (
				7A59E2972CB8E8A600C2E253 /* SocketIO */,
				7AC3EE832CB976FC003BCB0F /* Alamofire */,
			);
			productName = QuoteXChange;
			productReference = 7AD263EE2CB825DD001BBE0F /* QuoteXChange.app */;
			productType = "com.apple.product-type.application";
		};
/* End PBXNativeTarget section */

/* Begin PBXProject section */
		7AD263E62CB825DD001BBE0F /* Project object */ = {
			isa = PBXProject;
			attributes = {
				BuildIndependentTargetsInParallel = 1;
				LastSwiftUpdateCheck = 1540;
				LastUpgradeCheck = 1540;
				TargetAttributes = {
					7AD263ED2CB825DD001BBE0F = {
						CreatedOnToolsVersion = 15.4;
					};
				};
			};
			buildConfigurationList = 7AD263E92CB825DD001BBE0F /* Build configuration list for PBXProject "QuoteXChange" */;
			compatibilityVersion = "Xcode 14.0";
			developmentRegion = en;
			hasScannedForEncodings = 0;
			knownRegions = (
				en,
				Base,
			);
			mainGroup = 7AD263E52CB825DD001BBE0F;
			packageReferences = (
				7A59E2962CB8E8A600C2E253 /* XCRemoteSwiftPackageReference "socket" */,
				7AC3EE822CB976FC003BCB0F /* XCRemoteSwiftPackageReference "Alamofire" */,
			);
			productRefGroup = 7AD263EF2CB825DD001BBE0F /* Products */;
			projectDirPath = "";
			projectRoot = "";
			targets = (
				7AD263ED2CB825DD001BBE0F /* QuoteXChange */,
			);
		};
/* End PBXProject section */

/* Begin PBXResourcesBuildPhase section */
		7AD263EC2CB825DD001BBE0F /* Resources */ = {
			isa = PBXResourcesBuildPhase;
			buildActionMask = 2147483647;
			files = (
				7AD263F92CB825DE001BBE0F /* Preview Assets.xcassets in Resources */,
				7AD263F62CB825DE001BBE0F /* Assets.xcassets in Resources */,
			);
			runOnlyForDeploymentPostprocessing = 0;
		};
/* End PBXResourcesBuildPhase section */

/* Begin PBXSourcesBuildPhase section */
		7AD263EA2CB825DD001BBE0F /* Sources */ = {
			isa = PBXSourcesBuildPhase;
			buildActionMask = 2147483647;
			files = (
				7AD264142CB829D5001BBE0F /* QuotesConverterViewModel.swift in Sources */,
				7A59E2952CB8546D00C2E253 /* CurrencyAPI.swift in Sources */,
				7AD264122CB829AF001BBE0F /* OnlineQuotesViewModel.swift in Sources */,
				7A59E29E2CB91B6400C2E253 /* QuoteCacheManager.swift in Sources */,
				7A59E2932CB8512100C2E253 /* MainTabView.swift in Sources */,
				7AD264072CB826BE001BBE0F /* QuotesConverterView.swift in Sources */,
				7A54D1932CB945A900F6209F /* CurrencyPickerView.swift in Sources */,
				7AD2641C2CB83B7B001BBE0F /* Quote.swift in Sources */,
				7AD2641A2CB83B73001BBE0F /* CurrencyRate.swift in Sources */,
				7A59E2A52CB92C3700C2E253 /* Date+Ext.swift in Sources */,
				7AD2640A2CB826D4001BBE0F /* OnlineQuotesView.swift in Sources */,
				7A59E29A2CB8E8B500C2E253 /* WebSocketManager.swift in Sources */,
				7AD264182CB83B6A001BBE0F /* Currency.swift in Sources */,
				7A59E2A12CB91F0F00C2E253 /* CurrencyAPIError.swift in Sources */,
				7AD263F22CB825DD001BBE0F /* QuoteXChangeApp.swift in Sources */,
			);
			runOnlyForDeploymentPostprocessing = 0;
		};
/* End PBXSourcesBuildPhase section */

/* Begin XCBuildConfiguration section */
		7AD263FA2CB825DE001BBE0F /* Debug */ = {
			isa = XCBuildConfiguration;
			buildSettings = {
				ALWAYS_SEARCH_USER_PATHS = NO;
				ASSETCATALOG_COMPILER_GENERATE_SWIFT_ASSET_SYMBOL_EXTENSIONS = YES;
				CLANG_ANALYZER_NONNULL = YES;
				CLANG_ANALYZER_NUMBER_OBJECT_CONVERSION = YES_AGGRESSIVE;
				CLANG_CXX_LANGUAGE_STANDARD = "gnu++20";
				CLANG_ENABLE_MODULES = YES;
				CLANG_ENABLE_OBJC_ARC = YES;
				CLANG_ENABLE_OBJC_WEAK = YES;
				CLANG_WARN_BLOCK_CAPTURE_AUTORELEASING = YES;
				CLANG_WARN_BOOL_CONVERSION = YES;
				CLANG_WARN_COMMA = YES;
				CLANG_WARN_CONSTANT_CONVERSION = YES;
				CLANG_WARN_DEPRECATED_OBJC_IMPLEMENTATIONS = YES;
				CLANG_WARN_DIRECT_OBJC_ISA_USAGE = YES_ERROR;
				CLANG_WARN_DOCUMENTATION_COMMENTS = YES;
				CLANG_WARN_EMPTY_BODY = YES;
				CLANG_WARN_ENUM_CONVERSION = YES;
				CLANG_WARN_INFINITE_RECURSION = YES;
				CLANG_WARN_INT_CONVERSION = YES;
				CLANG_WARN_NON_LITERAL_NULL_CONVERSION = YES;
				CLANG_WARN_OBJC_IMPLICIT_RETAIN_SELF = YES;
				CLANG_WARN_OBJC_LITERAL_CONVERSION = YES;
				CLANG_WARN_OBJC_ROOT_CLASS = YES_ERROR;
				CLANG_WARN_QUOTED_INCLUDE_IN_FRAMEWORK_HEADER = YES;
				CLANG_WARN_RANGE_LOOP_ANALYSIS = YES;
				CLANG_WARN_STRICT_PROTOTYPES = YES;
				CLANG_WARN_SUSPICIOUS_MOVE = YES;
				CLANG_WARN_UNGUARDED_AVAILABILITY = YES_AGGRESSIVE;
				CLANG_WARN_UNREACHABLE_CODE = YES;
				CLANG_WARN__DUPLICATE_METHOD_MATCH = YES;
				COPY_PHASE_STRIP = NO;
				DEBUG_INFORMATION_FORMAT = dwarf;
				ENABLE_STRICT_OBJC_MSGSEND = YES;
				ENABLE_TESTABILITY = YES;
				ENABLE_USER_SCRIPT_SANDBOXING = YES;
				GCC_C_LANGUAGE_STANDARD = gnu17;
				GCC_DYNAMIC_NO_PIC = NO;
				GCC_NO_COMMON_BLOCKS = YES;
				GCC_OPTIMIZATION_LEVEL = 0;
				GCC_PREPROCESSOR_DEFINITIONS = (
					"DEBUG=1",
					"$(inherited)",
				);
				GCC_WARN_64_TO_32_BIT_CONVERSION = YES;
				GCC_WARN_ABOUT_RETURN_TYPE = YES_ERROR;
				GCC_WARN_UNDECLARED_SELECTOR = YES;
				GCC_WARN_UNINITIALIZED_AUTOS = YES_AGGRESSIVE;
				GCC_WARN_UNUSED_FUNCTION = YES;
				GCC_WARN_UNUSED_VARIABLE = YES;
				IPHONEOS_DEPLOYMENT_TARGET = 17.5;
				LOCALIZATION_PREFERS_STRING_CATALOGS = YES;
				MTL_ENABLE_DEBUG_INFO = INCLUDE_SOURCE;
				MTL_FAST_MATH = YES;
				ONLY_ACTIVE_ARCH = YES;
				SDKROOT = iphoneos;
				SWIFT_ACTIVE_COMPILATION_CONDITIONS = "DEBUG $(inherited)";
				SWIFT_OPTIMIZATION_LEVEL = "-Onone";
			};
			name = Debug;
		};
		7AD263FB2CB825DE001BBE0F /* Release */ = {
			isa = XCBuildConfiguration;
			buildSettings = {
				ALWAYS_SEARCH_USER_PATHS = NO;
				ASSETCATALOG_COMPILER_GENERATE_SWIFT_ASSET_SYMBOL_EXTENSIONS = YES;
				CLANG_ANALYZER_NONNULL = YES;
				CLANG_ANALYZER_NUMBER_OBJECT_CONVERSION = YES_AGGRESSIVE;
				CLANG_CXX_LANGUAGE_STANDARD = "gnu++20";
				CLANG_ENABLE_MODULES = YES;
				CLANG_ENABLE_OBJC_ARC = YES;
				CLANG_ENABLE_OBJC_WEAK = YES;
				CLANG_WARN_BLOCK_CAPTURE_AUTORELEASING = YES;
				CLANG_WARN_BOOL_CONVERSION = YES;
				CLANG_WARN_COMMA = YES;
				CLANG_WARN_CONSTANT_CONVERSION = YES;
				CLANG_WARN_DEPRECATED_OBJC_IMPLEMENTATIONS = YES;
				CLANG_WARN_DIRECT_OBJC_ISA_USAGE = YES_ERROR;
				CLANG_WARN_DOCUMENTATION_COMMENTS = YES;
				CLANG_WARN_EMPTY_BODY = YES;
				CLANG_WARN_ENUM_CONVERSION = YES;
				CLANG_WARN_INFINITE_RECURSION = YES;
				CLANG_WARN_INT_CONVERSION = YES;
				CLANG_WARN_NON_LITERAL_NULL_CONVERSION = YES;
				CLANG_WARN_OBJC_IMPLICIT_RETAIN_SELF = YES;
				CLANG_WARN_OBJC_LITERAL_CONVERSION = YES;
				CLANG_WARN_OBJC_ROOT_CLASS = YES_ERROR;
				CLANG_WARN_QUOTED_INCLUDE_IN_FRAMEWORK_HEADER = YES;
				CLANG_WARN_RANGE_LOOP_ANALYSIS = YES;
				CLANG_WARN_STRICT_PROTOTYPES = YES;
				CLANG_WARN_SUSPICIOUS_MOVE = YES;
				CLANG_WARN_UNGUARDED_AVAILABILITY = YES_AGGRESSIVE;
				CLANG_WARN_UNREACHABLE_CODE = YES;
				CLANG_WARN__DUPLICATE_METHOD_MATCH = YES;
				COPY_PHASE_STRIP = NO;
				DEBUG_INFORMATION_FORMAT = "dwarf-with-dsym";
				ENABLE_NS_ASSERTIONS = NO;
				ENABLE_STRICT_OBJC_MSGSEND = YES;
				ENABLE_USER_SCRIPT_SANDBOXING = YES;
				GCC_C_LANGUAGE_STANDARD = gnu17;
				GCC_NO_COMMON_BLOCKS = YES;
				GCC_WARN_64_TO_32_BIT_CONVERSION = YES;
				GCC_WARN_ABOUT_RETURN_TYPE = YES_ERROR;
				GCC_WARN_UNDECLARED_SELECTOR = YES;
				GCC_WARN_UNINITIALIZED_AUTOS = YES_AGGRESSIVE;
				GCC_WARN_UNUSED_FUNCTION = YES;
				GCC_WARN_UNUSED_VARIABLE = YES;
				IPHONEOS_DEPLOYMENT_TARGET = 17.5;
				LOCALIZATION_PREFERS_STRING_CATALOGS = YES;
				MTL_ENABLE_DEBUG_INFO = NO;
				MTL_FAST_MATH = YES;
				SDKROOT = iphoneos;
				SWIFT_COMPILATION_MODE = wholemodule;
				VALIDATE_PRODUCT = YES;
			};
			name = Release;
		};
		7AD263FD2CB825DE001BBE0F /* Debug */ = {
			isa = XCBuildConfiguration;
			buildSettings = {
				ASSETCATALOG_COMPILER_APPICON_NAME = AppIcon;
				ASSETCATALOG_COMPILER_GLOBAL_ACCENT_COLOR_NAME = AccentColor;
				CODE_SIGN_STYLE = Automatic;
				CURRENT_PROJECT_VERSION = 1;
				DEVELOPMENT_ASSET_PATHS = "\"QuoteXChange/Preview Content\"";
				DEVELOPMENT_TEAM = 963Q5MY7HY;
				ENABLE_PREVIEWS = YES;
				GENERATE_INFOPLIST_FILE = YES;
				INFOPLIST_KEY_UIApplicationSceneManifest_Generation = YES;
				INFOPLIST_KEY_UIApplicationSupportsIndirectInputEvents = YES;
				INFOPLIST_KEY_UILaunchScreen_Generation = YES;
				INFOPLIST_KEY_UISupportedInterfaceOrientations_iPad = "UIInterfaceOrientationPortrait UIInterfaceOrientationPortraitUpsideDown UIInterfaceOrientationLandscapeLeft UIInterfaceOrientationLandscapeRight";
				INFOPLIST_KEY_UISupportedInterfaceOrientations_iPhone = "UIInterfaceOrientationPortrait UIInterfaceOrientationLandscapeLeft UIInterfaceOrientationLandscapeRight";
				IPHONEOS_DEPLOYMENT_TARGET = 16.0;
				LD_RUNPATH_SEARCH_PATHS = (
					"$(inherited)",
					"@executable_path/Frameworks",
				);
				MARKETING_VERSION = 1.0;
				PRODUCT_BUNDLE_IDENTIFIER = com.nazrinatayeva.QuoteXChange;
				PRODUCT_NAME = "$(TARGET_NAME)";
				SWIFT_EMIT_LOC_STRINGS = YES;
				SWIFT_VERSION = 5.0;
				TARGETED_DEVICE_FAMILY = "1,2";
			};
			name = Debug;
		};
		7AD263FE2CB825DE001BBE0F /* Release */ = {
			isa = XCBuildConfiguration;
			buildSettings = {
				ASSETCATALOG_COMPILER_APPICON_NAME = AppIcon;
				ASSETCATALOG_COMPILER_GLOBAL_ACCENT_COLOR_NAME = AccentColor;
				CODE_SIGN_STYLE = Automatic;
				CURRENT_PROJECT_VERSION = 1;
				DEVELOPMENT_ASSET_PATHS = "\"QuoteXChange/Preview Content\"";
				DEVELOPMENT_TEAM = 963Q5MY7HY;
				ENABLE_PREVIEWS = YES;
				GENERATE_INFOPLIST_FILE = YES;
				INFOPLIST_KEY_UIApplicationSceneManifest_Generation = YES;
				INFOPLIST_KEY_UIApplicationSupportsIndirectInputEvents = YES;
				INFOPLIST_KEY_UILaunchScreen_Generation = YES;
				INFOPLIST_KEY_UISupportedInterfaceOrientations_iPad = "UIInterfaceOrientationPortrait UIInterfaceOrientationPortraitUpsideDown UIInterfaceOrientationLandscapeLeft UIInterfaceOrientationLandscapeRight";
				INFOPLIST_KEY_UISupportedInterfaceOrientations_iPhone = "UIInterfaceOrientationPortrait UIInterfaceOrientationLandscapeLeft UIInterfaceOrientationLandscapeRight";
				IPHONEOS_DEPLOYMENT_TARGET = 16.0;
				LD_RUNPATH_SEARCH_PATHS = (
					"$(inherited)",
					"@executable_path/Frameworks",
				);
				MARKETING_VERSION = 1.0;
				PRODUCT_BUNDLE_IDENTIFIER = com.nazrinatayeva.QuoteXChange;
				PRODUCT_NAME = "$(TARGET_NAME)";
				SWIFT_EMIT_LOC_STRINGS = YES;
				SWIFT_VERSION = 5.0;
				TARGETED_DEVICE_FAMILY = "1,2";
			};
			name = Release;
		};
/* End XCBuildConfiguration section */

/* Begin XCConfigurationList section */
		7AD263E92CB825DD001BBE0F /* Build configuration list for PBXProject "QuoteXChange" */ = {
			isa = XCConfigurationList;
			buildConfigurations = (
				7AD263FA2CB825DE001BBE0F /* Debug */,
				7AD263FB2CB825DE001BBE0F /* Release */,
			);
			defaultConfigurationIsVisible = 0;
			defaultConfigurationName = Release;
		};
		7AD263FC2CB825DE001BBE0F /* Build configuration list for PBXNativeTarget "QuoteXChange" */ = {
			isa = XCConfigurationList;
			buildConfigurations = (
				7AD263FD2CB825DE001BBE0F /* Debug */,
				7AD263FE2CB825DE001BBE0F /* Release */,
			);
			defaultConfigurationIsVisible = 0;
			defaultConfigurationName = Release;
		};
/* End XCConfigurationList section */

/* Begin XCRemoteSwiftPackageReference section */
		7A59E2962CB8E8A600C2E253 /* XCRemoteSwiftPackageReference "socket" */ = {
			isa = XCRemoteSwiftPackageReference;
			repositoryURL = "https://github.com/socketio/socket.io-client-swift";
			requirement = {
				branch = master;
				kind = branch;
			};
		};
		7AC3EE822CB976FC003BCB0F /* XCRemoteSwiftPackageReference "Alamofire" */ = {
			isa = XCRemoteSwiftPackageReference;
			repositoryURL = "https://github.com/Alamofire/Alamofire.git";
			requirement = {
				kind = upToNextMajorVersion;
				minimumVersion = 5.9.1;
			};
		};
/* End XCRemoteSwiftPackageReference section */

/* Begin XCSwiftPackageProductDependency section */
		7A59E2972CB8E8A600C2E253 /* SocketIO */ = {
			isa = XCSwiftPackageProductDependency;
			package = 7A59E2962CB8E8A600C2E253 /* XCRemoteSwiftPackageReference "socket" */;
			productName = SocketIO;
		};
		7AC3EE832CB976FC003BCB0F /* Alamofire */ = {
			isa = XCSwiftPackageProductDependency;
			package = 7AC3EE822CB976FC003BCB0F /* XCRemoteSwiftPackageReference "Alamofire" */;
			productName = Alamofire;
		};
/* End XCSwiftPackageProductDependency section */
	};
	rootObject = 7AD263E62CB825DD001BBE0F /* Project object */;
}
